// !$*UTF8*$!
{
	archiveVersion = 1;
	classes = {
	};
	objectVersion = 56;
	objects = {

/* Begin PBXBuildFile section */
		11A547AA29F0EA7C00931C9A /* fuck.swift in Sources */ = {isa = PBXBuildFile; fileRef = 11A547A929F0EA7C00931C9A /* fuck.swift */; };
		11A547B329F0F33300931C9A /* CoreXLSX in Frameworks */ = {isa = PBXBuildFile; productRef = 11A547B229F0F33300931C9A /* CoreXLSX */; };
		11A547B629F0F40E00931C9A /* Alamofire in Frameworks */ = {isa = PBXBuildFile; productRef = 11A547B529F0F40E00931C9A /* Alamofire */; };
		11A547B929F0F4C400931C9A /* SwiftSoup in Frameworks */ = {isa = PBXBuildFile; productRef = 11A547B829F0F4C400931C9A /* SwiftSoup */; };
		11B75DBE29F24E8C009EFABC /* Notifier.swift in Sources */ = {isa = PBXBuildFile; fileRef = 11B75DBD29F24E8C009EFABC /* Notifier.swift */; };
		11B75DC129F25640009EFABC /* SwiftSMTP in Frameworks */ = {isa = PBXBuildFile; productRef = 11B75DC029F25640009EFABC /* SwiftSMTP */; };
		11B75DC329F28BCE009EFABC /* Config.swift in Sources */ = {isa = PBXBuildFile; fileRef = 11B75DC229F28BCE009EFABC /* Config.swift */; };
		11B75DC529F3903B009EFABC /* Scraper.swift in Sources */ = {isa = PBXBuildFile; fileRef = 11B75DC429F3903B009EFABC /* Scraper.swift */; };
		11B75DC829F95FB2009EFABC /* ArgumentParser in Frameworks */ = {isa = PBXBuildFile; productRef = 11B75DC729F95FB2009EFABC /* ArgumentParser */; };
/* End PBXBuildFile section */

/* Begin PBXCopyFilesBuildPhase section */
		11A547A429F0EA7C00931C9A /* CopyFiles */ = {
			isa = PBXCopyFilesBuildPhase;
			buildActionMask = 2147483647;
			dstPath = /usr/share/man/man1/;
			dstSubfolderSpec = 0;
			files = (
			);
			runOnlyForDeploymentPostprocessing = 1;
		};
/* End PBXCopyFilesBuildPhase section */

/* Begin PBXFileReference section */
		11A547A629F0EA7C00931C9A /* Kijiji-Scraper */ = {isa = PBXFileReference; explicitFileType = "compiled.mach-o.executable"; includeInIndex = 0; path = "Kijiji-Scraper"; sourceTree = BUILT_PRODUCTS_DIR; };
		11A547A929F0EA7C00931C9A /* fuck.swift */ = {isa = PBXFileReference; lastKnownFileType = sourcecode.swift; path = fuck.swift; sourceTree = "<group>"; };
		11A547B029F0F09700931C9A /* README.md */ = {isa = PBXFileReference; lastKnownFileType = net.daringfireball.markdown; path = README.md; sourceTree = "<group>"; };
		11A547BA29F128BC00931C9A /* test.txt */ = {isa = PBXFileReference; lastKnownFileType = text; path = test.txt; sourceTree = "<group>"; };
		11B75DBD29F24E8C009EFABC /* Notifier.swift */ = {isa = PBXFileReference; lastKnownFileType = sourcecode.swift; path = Notifier.swift; sourceTree = "<group>"; };
		11B75DC229F28BCE009EFABC /* Config.swift */ = {isa = PBXFileReference; lastKnownFileType = sourcecode.swift; path = Config.swift; sourceTree = "<group>"; };
		11B75DC429F3903B009EFABC /* Scraper.swift */ = {isa = PBXFileReference; lastKnownFileType = sourcecode.swift; path = Scraper.swift; sourceTree = "<group>"; };
/* End PBXFileReference section */

/* Begin PBXFrameworksBuildPhase section */
		11A547A329F0EA7C00931C9A /* Frameworks */ = {
			isa = PBXFrameworksBuildPhase;
			buildActionMask = 2147483647;
			files = (
				11A547B329F0F33300931C9A /* CoreXLSX in Frameworks */,
				11A547B629F0F40E00931C9A /* Alamofire in Frameworks */,
				11B75DC129F25640009EFABC /* SwiftSMTP in Frameworks */,
				11B75DC829F95FB2009EFABC /* ArgumentParser in Frameworks */,
				11A547B929F0F4C400931C9A /* SwiftSoup in Frameworks */,
			);
			runOnlyForDeploymentPostprocessing = 0;
		};
/* End PBXFrameworksBuildPhase section */

/* Begin PBXGroup section */
		11A5479D29F0EA7C00931C9A = {
			isa = PBXGroup;
			children = (
				11A547B029F0F09700931C9A /* README.md */,
				11A547A829F0EA7C00931C9A /* Kijiji-Scraper */,
				11A547A729F0EA7C00931C9A /* Products */,
				11B75DBF29F25640009EFABC /* Frameworks */,
			);
			sourceTree = "<group>";
		};
		11A547A729F0EA7C00931C9A /* Products */ = {
			isa = PBXGroup;
			children = (
				11A547A629F0EA7C00931C9A /* Kijiji-Scraper */,
			);
			name = Products;
			sourceTree = "<group>";
		};
		11A547A829F0EA7C00931C9A /* Kijiji-Scraper */ = {
			isa = PBXGroup;
			children = (
				11A547A929F0EA7C00931C9A /* fuck.swift */,
				11B75DC229F28BCE009EFABC /* Config.swift */,
				11B75DC429F3903B009EFABC /* Scraper.swift */,
				11B75DBD29F24E8C009EFABC /* Notifier.swift */,
				11A547BA29F128BC00931C9A /* test.txt */,
			);
			path = "Kijiji-Scraper";
			sourceTree = "<group>";
		};
		11B75DBF29F25640009EFABC /* Frameworks */ = {
			isa = PBXGroup;
			children = (
			);
			name = Frameworks;
			sourceTree = "<group>";
		};
/* End PBXGroup section */

/* Begin PBXNativeTarget section */
		11A547A529F0EA7C00931C9A /* Kijiji-Scraper */ = {
			isa = PBXNativeTarget;
			buildConfigurationList = 11A547AD29F0EA7C00931C9A /* Build configuration list for PBXNativeTarget "Kijiji-Scraper" */;
			buildPhases = (
				11A547A229F0EA7C00931C9A /* Sources */,
				11A547A329F0EA7C00931C9A /* Frameworks */,
				11A547A429F0EA7C00931C9A /* CopyFiles */,
			);
			buildRules = (
			);
			dependencies = (
			);
			name = "Kijiji-Scraper";
			packageProductDependencies = (
				11A547B229F0F33300931C9A /* CoreXLSX */,
				11A547B529F0F40E00931C9A /* Alamofire */,
				11A547B829F0F4C400931C9A /* SwiftSoup */,
				11B75DC029F25640009EFABC /* SwiftSMTP */,
				11B75DC729F95FB2009EFABC /* ArgumentParser */,
			);
			productName = "Kijiji-Scraper";
			productReference = 11A547A629F0EA7C00931C9A /* Kijiji-Scraper */;
			productType = "com.apple.product-type.tool";
		};
/* End PBXNativeTarget section */

/* Begin PBXProject section */
		11A5479E29F0EA7C00931C9A /* Project object */ = {
			isa = PBXProject;
			attributes = {
				BuildIndependentTargetsInParallel = 1;
				LastSwiftUpdateCheck = 1420;
				LastUpgradeCheck = 1420;
				TargetAttributes = {
					11A547A529F0EA7C00931C9A = {
						CreatedOnToolsVersion = 14.2;
					};
				};
			};
			buildConfigurationList = 11A547A129F0EA7C00931C9A /* Build configuration list for PBXProject "Kijiji-Scraper" */;
			compatibilityVersion = "Xcode 14.0";
			developmentRegion = en;
			hasScannedForEncodings = 0;
			knownRegions = (
				en,
				Base,
			);
			mainGroup = 11A5479D29F0EA7C00931C9A;
			packageReferences = (
				11A547B129F0F33300931C9A /* XCRemoteSwiftPackageReference "CoreXLSX" */,
				11A547B429F0F40E00931C9A /* XCRemoteSwiftPackageReference "Alamofire" */,
				11A547B729F0F4C400931C9A /* XCRemoteSwiftPackageReference "SwiftSoup" */,
				11B75DBC29F24E6E009EFABC /* XCRemoteSwiftPackageReference "Swift-SMTP" */,
				11B75DC629F95FB2009EFABC /* XCRemoteSwiftPackageReference "swift-argument-parser" */,
			);
			productRefGroup = 11A547A729F0EA7C00931C9A /* Products */;
			projectDirPath = "";
			projectRoot = "";
			targets = (
				11A547A529F0EA7C00931C9A /* Kijiji-Scraper */,
			);
		};
/* End PBXProject section */

/* Begin PBXSourcesBuildPhase section */
		11A547A229F0EA7C00931C9A /* Sources */ = {
			isa = PBXSourcesBuildPhase;
			buildActionMask = 2147483647;
			files = (
				11A547AA29F0EA7C00931C9A /* fuck.swift in Sources */,
				11B75DC329F28BCE009EFABC /* Config.swift in Sources */,
				11B75DBE29F24E8C009EFABC /* Notifier.swift in Sources */,
				11B75DC529F3903B009EFABC /* Scraper.swift in Sources */,
			);
			runOnlyForDeploymentPostprocessing = 0;
		};
/* End PBXSourcesBuildPhase section */

/* Begin XCBuildConfiguration section */
		11A547AB29F0EA7C00931C9A /* Debug */ = {
			isa = XCBuildConfiguration;
			buildSettings = {
				ALWAYS_SEARCH_USER_PATHS = NO;
				CLANG_ANALYZER_NONNULL = YES;
				CLANG_ANALYZER_NUMBER_OBJECT_CONVERSION = YES_AGGRESSIVE;
				CLANG_CXX_LANGUAGE_STANDARD = "gnu++20";
				CLANG_ENABLE_MODULES = YES;
				CLANG_ENABLE_OBJC_ARC = YES;
				CLANG_ENABLE_OBJC_WEAK = YES;
				CLANG_WARN_BLOCK_CAPTURE_AUTORELEASING = YES;
				CLANG_WARN_BOOL_CONVERSION = YES;
				CLANG_WARN_COMMA = YES;
				CLANG_WARN_CONSTANT_CONVERSION = YES;
				CLANG_WARN_DEPRECATED_OBJC_IMPLEMENTATIONS = YES;
				CLANG_WARN_DIRECT_OBJC_ISA_USAGE = YES_ERROR;
				CLANG_WARN_DOCUMENTATION_COMMENTS = YES;
				CLANG_WARN_EMPTY_BODY = YES;
				CLANG_WARN_ENUM_CONVERSION = YES;
				CLANG_WARN_INFINITE_RECURSION = YES;
				CLANG_WARN_INT_CONVERSION = YES;
				CLANG_WARN_NON_LITERAL_NULL_CONVERSION = YES;
				CLANG_WARN_OBJC_IMPLICIT_RETAIN_SELF = YES;
				CLANG_WARN_OBJC_LITERAL_CONVERSION = YES;
				CLANG_WARN_OBJC_ROOT_CLASS = YES_ERROR;
				CLANG_WARN_QUOTED_INCLUDE_IN_FRAMEWORK_HEADER = YES;
				CLANG_WARN_RANGE_LOOP_ANALYSIS = YES;
				CLANG_WARN_STRICT_PROTOTYPES = YES;
				CLANG_WARN_SUSPICIOUS_MOVE = YES;
				CLANG_WARN_UNGUARDED_AVAILABILITY = YES_AGGRESSIVE;
				CLANG_WARN_UNREACHABLE_CODE = YES;
				CLANG_WARN__DUPLICATE_METHOD_MATCH = YES;
				COPY_PHASE_STRIP = NO;
				DEBUG_INFORMATION_FORMAT = dwarf;
				ENABLE_STRICT_OBJC_MSGSEND = YES;
				ENABLE_TESTABILITY = YES;
				GCC_C_LANGUAGE_STANDARD = gnu11;
				GCC_DYNAMIC_NO_PIC = NO;
				GCC_NO_COMMON_BLOCKS = YES;
				GCC_OPTIMIZATION_LEVEL = 0;
				GCC_PREPROCESSOR_DEFINITIONS = (
					"DEBUG=1",
					"$(inherited)",
				);
				GCC_WARN_64_TO_32_BIT_CONVERSION = YES;
				GCC_WARN_ABOUT_RETURN_TYPE = YES_ERROR;
				GCC_WARN_UNDECLARED_SELECTOR = YES;
				GCC_WARN_UNINITIALIZED_AUTOS = YES_AGGRESSIVE;
				GCC_WARN_UNUSED_FUNCTION = YES;
				GCC_WARN_UNUSED_VARIABLE = YES;
				MACOSX_DEPLOYMENT_TARGET = 13.1;
				MTL_ENABLE_DEBUG_INFO = INCLUDE_SOURCE;
				MTL_FAST_MATH = YES;
				ONLY_ACTIVE_ARCH = YES;
				SDKROOT = macosx;
				SWIFT_ACTIVE_COMPILATION_CONDITIONS = DEBUG;
				SWIFT_OPTIMIZATION_LEVEL = "-Onone";
			};
			name = Debug;
		};
		11A547AC29F0EA7C00931C9A /* Release */ = {
			isa = XCBuildConfiguration;
			buildSettings = {
				ALWAYS_SEARCH_USER_PATHS = NO;
				CLANG_ANALYZER_NONNULL = YES;
				CLANG_ANALYZER_NUMBER_OBJECT_CONVERSION = YES_AGGRESSIVE;
				CLANG_CXX_LANGUAGE_STANDARD = "gnu++20";
				CLANG_ENABLE_MODULES = YES;
				CLANG_ENABLE_OBJC_ARC = YES;
				CLANG_ENABLE_OBJC_WEAK = YES;
				CLANG_WARN_BLOCK_CAPTURE_AUTORELEASING = YES;
				CLANG_WARN_BOOL_CONVERSION = YES;
				CLANG_WARN_COMMA = YES;
				CLANG_WARN_CONSTANT_CONVERSION = YES;
				CLANG_WARN_DEPRECATED_OBJC_IMPLEMENTATIONS = YES;
				CLANG_WARN_DIRECT_OBJC_ISA_USAGE = YES_ERROR;
				CLANG_WARN_DOCUMENTATION_COMMENTS = YES;
				CLANG_WARN_EMPTY_BODY = YES;
				CLANG_WARN_ENUM_CONVERSION = YES;
				CLANG_WARN_INFINITE_RECURSION = YES;
				CLANG_WARN_INT_CONVERSION = YES;
				CLANG_WARN_NON_LITERAL_NULL_CONVERSION = YES;
				CLANG_WARN_OBJC_IMPLICIT_RETAIN_SELF = YES;
				CLANG_WARN_OBJC_LITERAL_CONVERSION = YES;
				CLANG_WARN_OBJC_ROOT_CLASS = YES_ERROR;
				CLANG_WARN_QUOTED_INCLUDE_IN_FRAMEWORK_HEADER = YES;
				CLANG_WARN_RANGE_LOOP_ANALYSIS = YES;
				CLANG_WARN_STRICT_PROTOTYPES = YES;
				CLANG_WARN_SUSPICIOUS_MOVE = YES;
				CLANG_WARN_UNGUARDED_AVAILABILITY = YES_AGGRESSIVE;
				CLANG_WARN_UNREACHABLE_CODE = YES;
				CLANG_WARN__DUPLICATE_METHOD_MATCH = YES;
				COPY_PHASE_STRIP = NO;
				DEBUG_INFORMATION_FORMAT = "dwarf-with-dsym";
				ENABLE_NS_ASSERTIONS = NO;
				ENABLE_STRICT_OBJC_MSGSEND = YES;
				GCC_C_LANGUAGE_STANDARD = gnu11;
				GCC_NO_COMMON_BLOCKS = YES;
				GCC_WARN_64_TO_32_BIT_CONVERSION = YES;
				GCC_WARN_ABOUT_RETURN_TYPE = YES_ERROR;
				GCC_WARN_UNDECLARED_SELECTOR = YES;
				GCC_WARN_UNINITIALIZED_AUTOS = YES_AGGRESSIVE;
				GCC_WARN_UNUSED_FUNCTION = YES;
				GCC_WARN_UNUSED_VARIABLE = YES;
				MACOSX_DEPLOYMENT_TARGET = 13.1;
				MTL_ENABLE_DEBUG_INFO = NO;
				MTL_FAST_MATH = YES;
				SDKROOT = macosx;
				SWIFT_COMPILATION_MODE = wholemodule;
				SWIFT_OPTIMIZATION_LEVEL = "-O";
			};
			name = Release;
		};
		11A547AE29F0EA7C00931C9A /* Debug */ = {
			isa = XCBuildConfiguration;
			buildSettings = {
				CODE_SIGN_STYLE = Automatic;
				PRODUCT_NAME = "$(TARGET_NAME)";
				SWIFT_VERSION = 5.0;
			};
			name = Debug;
		};
		11A547AF29F0EA7C00931C9A /* Release */ = {
			isa = XCBuildConfiguration;
			buildSettings = {
				CODE_SIGN_STYLE = Automatic;
				PRODUCT_NAME = "$(TARGET_NAME)";
				SWIFT_VERSION = 5.0;
			};
			name = Release;
		};
/* End XCBuildConfiguration section */

/* Begin XCConfigurationList section */
		11A547A129F0EA7C00931C9A /* Build configuration list for PBXProject "Kijiji-Scraper" */ = {
			isa = XCConfigurationList;
			buildConfigurations = (
				11A547AB29F0EA7C00931C9A /* Debug */,
				11A547AC29F0EA7C00931C9A /* Release */,
			);
			defaultConfigurationIsVisible = 0;
			defaultConfigurationName = Release;
		};
		11A547AD29F0EA7C00931C9A /* Build configuration list for PBXNativeTarget "Kijiji-Scraper" */ = {
			isa = XCConfigurationList;
			buildConfigurations = (
				11A547AE29F0EA7C00931C9A /* Debug */,
				11A547AF29F0EA7C00931C9A /* Release */,
			);
			defaultConfigurationIsVisible = 0;
			defaultConfigurationName = Release;
		};
/* End XCConfigurationList section */

/* Begin XCRemoteSwiftPackageReference section */
		11A547B129F0F33300931C9A /* XCRemoteSwiftPackageReference "CoreXLSX" */ = {
			isa = XCRemoteSwiftPackageReference;
			repositoryURL = "https://github.com/CoreOffice/CoreXLSX";
			requirement = {
				kind = upToNextMajorVersion;
				minimumVersion = 0.9.1;
			};
		};
		11A547B429F0F40E00931C9A /* XCRemoteSwiftPackageReference "Alamofire" */ = {
			isa = XCRemoteSwiftPackageReference;
			repositoryURL = "https://github.com/Alamofire/Alamofire";
			requirement = {
				kind = upToNextMajorVersion;
				minimumVersion = 5.0.0;
			};
		};
		11A547B729F0F4C400931C9A /* XCRemoteSwiftPackageReference "SwiftSoup" */ = {
			isa = XCRemoteSwiftPackageReference;
			repositoryURL = "https://github.com/scinfu/SwiftSoup";
			requirement = {
				kind = upToNextMajorVersion;
				minimumVersion = 2.0.0;
			};
		};
		11B75DBC29F24E6E009EFABC /* XCRemoteSwiftPackageReference "Swift-SMTP" */ = {
			isa = XCRemoteSwiftPackageReference;
			repositoryURL = "https://github.com/Kitura/Swift-SMTP";
			requirement = {
				kind = upToNextMajorVersion;
				minimumVersion = 6.0.0;
			};
		};
		11B75DC629F95FB2009EFABC /* XCRemoteSwiftPackageReference "swift-argument-parser" */ = {
			isa = XCRemoteSwiftPackageReference;
			repositoryURL = "https://github.com/apple/swift-argument-parser.git";
			requirement = {
				kind = upToNextMajorVersion;
				minimumVersion = 1.0.0;
			};
		};
/* End XCRemoteSwiftPackageReference section */

/* Begin XCSwiftPackageProductDependency section */
		11A547B229F0F33300931C9A /* CoreXLSX */ = {
			isa = XCSwiftPackageProductDependency;
			package = 11A547B129F0F33300931C9A /* XCRemoteSwiftPackageReference "CoreXLSX" */;
			productName = CoreXLSX;
		};
		11A547B529F0F40E00931C9A /* Alamofire */ = {
			isa = XCSwiftPackageProductDependency;
			package = 11A547B429F0F40E00931C9A /* XCRemoteSwiftPackageReference "Alamofire" */;
			productName = Alamofire;
		};
		11A547B829F0F4C400931C9A /* SwiftSoup */ = {
			isa = XCSwiftPackageProductDependency;
			package = 11A547B729F0F4C400931C9A /* XCRemoteSwiftPackageReference "SwiftSoup" */;
			productName = SwiftSoup;
		};
		11B75DC029F25640009EFABC /* SwiftSMTP */ = {
			isa = XCSwiftPackageProductDependency;
			package = 11B75DBC29F24E6E009EFABC /* XCRemoteSwiftPackageReference "Swift-SMTP" */;
			productName = SwiftSMTP;
		};
		11B75DC729F95FB2009EFABC /* ArgumentParser */ = {
			isa = XCSwiftPackageProductDependency;
			package = 11B75DC629F95FB2009EFABC /* XCRemoteSwiftPackageReference "swift-argument-parser" */;
			productName = ArgumentParser;
		};
/* End XCSwiftPackageProductDependency section */
	};
	rootObject = 11A5479E29F0EA7C00931C9A /* Project object */;
}
